
Microsoft Visual Studio Solution File, Format Version 12.00
# Visual Studio Version 17
VisualStudioVersion = 17.2.32630.192
MinimumVisualStudioVersion = 10.0.40219.1
Project("{FAE04EC0-301F-11D3-BF4B-00C04F79EFBC}") = "Row_Data_Gateway_Design_Pattern", "Row_Data_Gateway_Design_Pattern\Row_Data_Gateway_Design_Pattern.csproj", "{0D9C28EE-9926-4AF6-BE0E-040EF2A5CA3A}"
EndProject
Global
	GlobalSection(SolutionConfigurationPlatforms) = preSolution
		Debug|Any CPU = Debug|Any CPU
		Release|Any CPU = Release|Any CPU
	EndGlobalSection
	GlobalSection(ProjectConfigurationPlatforms) = postSolution
		{0D9C28EE-9926-4AF6-BE0E-040EF2A5CA3A}.Debug|Any CPU.ActiveCfg = Debug|Any CPU
		{0D9C28EE-9926-4AF6-BE0E-040EF2A5CA3A}.Debug|Any CPU.Build.0 = Debug|Any CPU
		{0D9C28EE-9926-4AF6-BE0E-040EF2A5CA3A}.Release|Any CPU.ActiveCfg = Release|Any CPU
		{0D9C28EE-9926-4AF6-BE0E-040EF2A5CA3A}.Release|Any CPU.Build.0 = Release|Any CPU
	EndGlobalSection
	GlobalSection(SolutionProperties) = preSolution
		HideSolutionNode = FALSE
	EndGlobalSection
	GlobalSection(ExtensibilityGlobals) = postSolution
		SolutionGuid = {4E4E9662-8941-42EC-B480-456FCF6E5D88}
	EndGlobalSection
EndGlobal
